
Microsoft Visual Studio Solution File, Format Version 12.00
Project("{FAE04EC0-301F-11D3-BF4B-00C04F79EFBC}") = "MapBugApp", "MapBugApp\MapBugApp.csproj", "{6DF0CF2C-3AA0-474B-A400-E4AE0CC9CADC}"
EndProject
Global
	GlobalSection(SolutionConfigurationPlatforms) = preSolution
		Debug|Any CPU = Debug|Any CPU
		Release|Any CPU = Release|Any CPU
	EndGlobalSection
	GlobalSection(ProjectConfigurationPlatforms) = postSolution
		{6DF0CF2C-3AA0-474B-A400-E4AE0CC9CADC}.Debug|Any CPU.ActiveCfg = Debug|Any CPU
		{6DF0CF2C-3AA0-474B-A400-E4AE0CC9CADC}.Debug|Any CPU.Build.0 = Debug|Any CPU
		{6DF0CF2C-3AA0-474B-A400-E4AE0CC9CADC}.Release|Any CPU.ActiveCfg = Release|Any CPU
		{6DF0CF2C-3AA0-474B-A400-E4AE0CC9CADC}.Release|Any CPU.Build.0 = Release|Any CPU
	EndGlobalSection
EndGlobal
